
Microsoft Visual Studio Solution File, Format Version 12.00
# Visual Studio 15
VisualStudioVersion = 15.0.28307.779
MinimumVisualStudioVersion = 10.0.40219.1
Project("{FAE04EC0-301F-11D3-BF4B-00C04F79EFBC}") = "ShoppingCart.Web", "ShoppingCart.Web\ShoppingCart.Web.csproj", "{3EFC8880-382E-4ED5-B03D-23D98D45AB0F}"
EndProject
Project("{FAE04EC0-301F-11D3-BF4B-00C04F79EFBC}") = "ShoppingCart.Logic", "ShoppingCart.Logic\ShoppingCart.Logic.csproj", "{5F8644F7-60D2-4F81-A6C8-79E2A116EC88}"
EndProject
Project("{FAE04EC0-301F-11D3-BF4B-00C04F79EFBC}") = "ShoppingCart.DBConnect", "ShoppingCart.DBConnect\ShoppingCart.DBConnect.csproj", "{02164DCA-2FA1-4FAC-9729-D8BB79ACAE40}"
EndProject
Project("{FAE04EC0-301F-11D3-BF4B-00C04F79EFBC}") = "ShoppingCart.ViewModel", "ShoppingCart.ViewModel\ShoppingCart.ViewModel.csproj", "{6479C3DB-0976-4EDA-8288-DCA7191019FE}"
EndProject
Project("{FAE04EC0-301F-11D3-BF4B-00C04F79EFBC}") = "ShoppingCart.DBEntity", "ShoppingCart.DBEntity\ShoppingCart.DBEntity.csproj", "{75D63157-D32C-4C3F-8760-AF17CEEEEFFC}"
EndProject
Global
	GlobalSection(SolutionConfigurationPlatforms) = preSolution
		Debug|Any CPU = Debug|Any CPU
		Release|Any CPU = Release|Any CPU
	EndGlobalSection
	GlobalSection(ProjectConfigurationPlatforms) = postSolution
		{3EFC8880-382E-4ED5-B03D-23D98D45AB0F}.Debug|Any CPU.ActiveCfg = Debug|Any CPU
		{3EFC8880-382E-4ED5-B03D-23D98D45AB0F}.Debug|Any CPU.Build.0 = Debug|Any CPU
		{3EFC8880-382E-4ED5-B03D-23D98D45AB0F}.Release|Any CPU.ActiveCfg = Release|Any CPU
		{3EFC8880-382E-4ED5-B03D-23D98D45AB0F}.Release|Any CPU.Build.0 = Release|Any CPU
		{5F8644F7-60D2-4F81-A6C8-79E2A116EC88}.Debug|Any CPU.ActiveCfg = Debug|Any CPU
		{5F8644F7-60D2-4F81-A6C8-79E2A116EC88}.Debug|Any CPU.Build.0 = Debug|Any CPU
		{5F8644F7-60D2-4F81-A6C8-79E2A116EC88}.Release|Any CPU.ActiveCfg = Release|Any CPU
		{5F8644F7-60D2-4F81-A6C8-79E2A116EC88}.Release|Any CPU.Build.0 = Release|Any CPU
		{02164DCA-2FA1-4FAC-9729-D8BB79ACAE40}.Debug|Any CPU.ActiveCfg = Debug|Any CPU
		{02164DCA-2FA1-4FAC-9729-D8BB79ACAE40}.Debug|Any CPU.Build.0 = Debug|Any CPU
		{02164DCA-2FA1-4FAC-9729-D8BB79ACAE40}.Release|Any CPU.ActiveCfg = Release|Any CPU
		{02164DCA-2FA1-4FAC-9729-D8BB79ACAE40}.Release|Any CPU.Build.0 = Release|Any CPU
		{6479C3DB-0976-4EDA-8288-DCA7191019FE}.Debug|Any CPU.ActiveCfg = Debug|Any CPU
		{6479C3DB-0976-4EDA-8288-DCA7191019FE}.Debug|Any CPU.Build.0 = Debug|Any CPU
		{6479C3DB-0976-4EDA-8288-DCA7191019FE}.Release|Any CPU.ActiveCfg = Release|Any CPU
		{6479C3DB-0976-4EDA-8288-DCA7191019FE}.Release|Any CPU.Build.0 = Release|Any CPU
		{75D63157-D32C-4C3F-8760-AF17CEEEEFFC}.Debug|Any CPU.ActiveCfg = Debug|Any CPU
		{75D63157-D32C-4C3F-8760-AF17CEEEEFFC}.Debug|Any CPU.Build.0 = Debug|Any CPU
		{75D63157-D32C-4C3F-8760-AF17CEEEEFFC}.Release|Any CPU.ActiveCfg = Release|Any CPU
		{75D63157-D32C-4C3F-8760-AF17CEEEEFFC}.Release|Any CPU.Build.0 = Release|Any CPU
	EndGlobalSection
	GlobalSection(SolutionProperties) = preSolution
		HideSolutionNode = FALSE
	EndGlobalSection
	GlobalSection(ExtensibilityGlobals) = postSolution
		SolutionGuid = {BE6C5D6C-F78A-4443-93C5-E3A228F3AB62}
	EndGlobalSection
EndGlobal
